// !$*UTF8*$!
{
	archiveVersion = 1;
	classes = {
	};
	objectVersion = 46;
	objects = {

/* Begin PBXBuildFile section */
		8665E9011DF543A500B1B3B4 /* ZYCategory.swift in Sources */ = {isa = PBXBuildFile; fileRef = 8665E9001DF543A500B1B3B4 /* ZYCategory.swift */; };
		869C1BA51DF2C04000CD295E /* AppDelegate.swift in Sources */ = {isa = PBXBuildFile; fileRef = 869C1BA41DF2C04000CD295E /* AppDelegate.swift */; };
		869C1BA71DF2C04000CD295E /* ViewController.swift in Sources */ = {isa = PBXBuildFile; fileRef = 869C1BA61DF2C04000CD295E /* ViewController.swift */; };
		869C1BAA1DF2C04000CD295E /* Main.storyboard in Resources */ = {isa = PBXBuildFile; fileRef = 869C1BA81DF2C04000CD295E /* Main.storyboard */; };
		869C1BAC1DF2C04000CD295E /* Assets.xcassets in Resources */ = {isa = PBXBuildFile; fileRef = 869C1BAB1DF2C04000CD295E /* Assets.xcassets */; };
		869C1BAF1DF2C04000CD295E /* LaunchScreen.storyboard in Resources */ = {isa = PBXBuildFile; fileRef = 869C1BAD1DF2C04000CD295E /* LaunchScreen.storyboard */; };
		869C1BBA1DF2C04000CD295E /* ZYImageChince_SwiftTests.swift in Sources */ = {isa = PBXBuildFile; fileRef = 869C1BB91DF2C04000CD295E /* ZYImageChince_SwiftTests.swift */; };
		869C1BC51DF2C04000CD295E /* ZYImageChince_SwiftUITests.swift in Sources */ = {isa = PBXBuildFile; fileRef = 869C1BC41DF2C04000CD295E /* ZYImageChince_SwiftUITests.swift */; };
		869C1BDB1DF2C0C400CD295E /* btn_add_photo_n.png in Resources */ = {isa = PBXBuildFile; fileRef = 869C1BD41DF2C0C400CD295E /* btn_add_photo_n.png */; };
		869C1BDC1DF2C0C400CD295E /* btn_add_photo_n@2x.png in Resources */ = {isa = PBXBuildFile; fileRef = 869C1BD51DF2C0C400CD295E /* btn_add_photo_n@2x.png */; };
		869C1BDD1DF2C0C400CD295E /* btn_add_photo_s.png in Resources */ = {isa = PBXBuildFile; fileRef = 869C1BD61DF2C0C400CD295E /* btn_add_photo_s.png */; };
		869C1BDE1DF2C0C400CD295E /* btn_add_photo_s@2x.png in Resources */ = {isa = PBXBuildFile; fileRef = 869C1BD71DF2C0C400CD295E /* btn_add_photo_s@2x.png */; };
		869C1BDF1DF2C0C400CD295E /* button_icon_close.png in Resources */ = {isa = PBXBuildFile; fileRef = 869C1BD81DF2C0C400CD295E /* button_icon_close.png */; };
		869C1BE01DF2C0C400CD295E /* button_icon_close@2x.png in Resources */ = {isa = PBXBuildFile; fileRef = 869C1BD91DF2C0C400CD295E /* button_icon_close@2x.png */; };
		869C1BE11DF2C0C400CD295E /* checkmark.png in Resources */ = {isa = PBXBuildFile; fileRef = 869C1BDA1DF2C0C400CD295E /* checkmark.png */; };
		869C1BE41DF2C13400CD295E /* UIViewController+Category.swift in Sources */ = {isa = PBXBuildFile; fileRef = 869C1BE31DF2C13400CD295E /* UIViewController+Category.swift */; };
		86AE56541DF7C01C005788DF /* ZYImageManager.swift in Sources */ = {isa = PBXBuildFile; fileRef = 86AE56531DF7C01C005788DF /* ZYImageManager.swift */; };
		86AE56561DF7E4A3005788DF /* ZYImageViewController.swift in Sources */ = {isa = PBXBuildFile; fileRef = 86AE56551DF7E4A3005788DF /* ZYImageViewController.swift */; };
		86AE56581DF7EAA0005788DF /* ZYImageCollectionViewCell.swift in Sources */ = {isa = PBXBuildFile; fileRef = 86AE56571DF7EAA0005788DF /* ZYImageCollectionViewCell.swift */; };
		86AE565A1DF80177005788DF /* ZYImagePickView.swift in Sources */ = {isa = PBXBuildFile; fileRef = 86AE56591DF80177005788DF /* ZYImagePickView.swift */; };
/* End PBXBuildFile section */

/* Begin PBXContainerItemProxy section */
		869C1BB61DF2C04000CD295E /* PBXContainerItemProxy */ = {
			isa = PBXContainerItemProxy;
			containerPortal = 869C1B991DF2C04000CD295E /* Project object */;
			proxyType = 1;
			remoteGlobalIDString = 869C1BA01DF2C04000CD295E;
			remoteInfo = "ZYImageChince-Swift";
		};
		869C1BC11DF2C04000CD295E /* PBXContainerItemProxy */ = {
			isa = PBXContainerItemProxy;
			containerPortal = 869C1B991DF2C04000CD295E /* Project object */;
			proxyType = 1;
			remoteGlobalIDString = 869C1BA01DF2C04000CD295E;
			remoteInfo = "ZYImageChince-Swift";
		};
/* End PBXContainerItemProxy section */

/* Begin PBXFileReference section */
		8665E9001DF543A500B1B3B4 /* ZYCategory.swift */ = {isa = PBXFileReference; fileEncoding = 4; lastKnownFileType = sourcecode.swift; path = ZYCategory.swift; sourceTree = "<group>"; };
		869C1BA11DF2C04000CD295E /* ZYImageChince-Swift.app */ = {isa = PBXFileReference; explicitFileType = wrapper.application; includeInIndex = 0; path = "ZYImageChince-Swift.app"; sourceTree = BUILT_PRODUCTS_DIR; };
		869C1BA41DF2C04000CD295E /* AppDelegate.swift */ = {isa = PBXFileReference; lastKnownFileType = sourcecode.swift; path = AppDelegate.swift; sourceTree = "<group>"; };
		869C1BA61DF2C04000CD295E /* ViewController.swift */ = {isa = PBXFileReference; lastKnownFileType = sourcecode.swift; path = ViewController.swift; sourceTree = "<group>"; };
		869C1BA91DF2C04000CD295E /* Base */ = {isa = PBXFileReference; lastKnownFileType = file.storyboard; name = Base; path = Base.lproj/Main.storyboard; sourceTree = "<group>"; };
		869C1BAB1DF2C04000CD295E /* Assets.xcassets */ = {isa = PBXFileReference; lastKnownFileType = folder.assetcatalog; path = Assets.xcassets; sourceTree = "<group>"; };
		869C1BAE1DF2C04000CD295E /* Base */ = {isa = PBXFileReference; lastKnownFileType = file.storyboard; name = Base; path = Base.lproj/LaunchScreen.storyboard; sourceTree = "<group>"; };
		869C1BB01DF2C04000CD295E /* Info.plist */ = {isa = PBXFileReference; lastKnownFileType = text.plist.xml; path = Info.plist; sourceTree = "<group>"; };
		869C1BB51DF2C04000CD295E /* ZYImageChince-SwiftTests.xctest */ = {isa = PBXFileReference; explicitFileType = wrapper.cfbundle; includeInIndex = 0; path = "ZYImageChince-SwiftTests.xctest"; sourceTree = BUILT_PRODUCTS_DIR; };
		869C1BB91DF2C04000CD295E /* ZYImageChince_SwiftTests.swift */ = {isa = PBXFileReference; lastKnownFileType = sourcecode.swift; path = ZYImageChince_SwiftTests.swift; sourceTree = "<group>"; };
		869C1BBB1DF2C04000CD295E /* Info.plist */ = {isa = PBXFileReference; lastKnownFileType = text.plist.xml; path = Info.plist; sourceTree = "<group>"; };
		869C1BC01DF2C04000CD295E /* ZYImageChince-SwiftUITests.xctest */ = {isa = PBXFileReference; explicitFileType = wrapper.cfbundle; includeInIndex = 0; path = "ZYImageChince-SwiftUITests.xctest"; sourceTree = BUILT_PRODUCTS_DIR; };
		869C1BC41DF2C04000CD295E /* ZYImageChince_SwiftUITests.swift */ = {isa = PBXFileReference; lastKnownFileType = sourcecode.swift; path = ZYImageChince_SwiftUITests.swift; sourceTree = "<group>"; };
		869C1BC61DF2C04000CD295E /* Info.plist */ = {isa = PBXFileReference; lastKnownFileType = text.plist.xml; path = Info.plist; sourceTree = "<group>"; };
		869C1BD41DF2C0C400CD295E /* btn_add_photo_n.png */ = {isa = PBXFileReference; lastKnownFileType = image.png; path = btn_add_photo_n.png; sourceTree = "<group>"; };
		869C1BD51DF2C0C400CD295E /* btn_add_photo_n@2x.png */ = {isa = PBXFileReference; lastKnownFileType = image.png; path = "btn_add_photo_n@2x.png"; sourceTree = "<group>"; };
		869C1BD61DF2C0C400CD295E /* btn_add_photo_s.png */ = {isa = PBXFileReference; lastKnownFileType = image.png; path = btn_add_photo_s.png; sourceTree = "<group>"; };
		869C1BD71DF2C0C400CD295E /* btn_add_photo_s@2x.png */ = {isa = PBXFileReference; lastKnownFileType = image.png; path = "btn_add_photo_s@2x.png"; sourceTree = "<group>"; };
		869C1BD81DF2C0C400CD295E /* button_icon_close.png */ = {isa = PBXFileReference; lastKnownFileType = image.png; path = button_icon_close.png; sourceTree = "<group>"; };
		869C1BD91DF2C0C400CD295E /* button_icon_close@2x.png */ = {isa = PBXFileReference; lastKnownFileType = image.png; path = "button_icon_close@2x.png"; sourceTree = "<group>"; };
		869C1BDA1DF2C0C400CD295E /* checkmark.png */ = {isa = PBXFileReference; lastKnownFileType = image.png; path = checkmark.png; sourceTree = "<group>"; };
		869C1BE31DF2C13400CD295E /* UIViewController+Category.swift */ = {isa = PBXFileReference; fileEncoding = 4; lastKnownFileType = sourcecode.swift; path = "UIViewController+Category.swift"; sourceTree = "<group>"; };
		86AE56531DF7C01C005788DF /* ZYImageManager.swift */ = {isa = PBXFileReference; fileEncoding = 4; lastKnownFileType = sourcecode.swift; path = ZYImageManager.swift; sourceTree = "<group>"; };
		86AE56551DF7E4A3005788DF /* ZYImageViewController.swift */ = {isa = PBXFileReference; fileEncoding = 4; lastKnownFileType = sourcecode.swift; path = ZYImageViewController.swift; sourceTree = "<group>"; };
		86AE56571DF7EAA0005788DF /* ZYImageCollectionViewCell.swift */ = {isa = PBXFileReference; fileEncoding = 4; lastKnownFileType = sourcecode.swift; path = ZYImageCollectionViewCell.swift; sourceTree = "<group>"; };
		86AE56591DF80177005788DF /* ZYImagePickView.swift */ = {isa = PBXFileReference; fileEncoding = 4; lastKnownFileType = sourcecode.swift; path = ZYImagePickView.swift; sourceTree = "<group>"; };
/* End PBXFileReference section */

/* Begin PBXFrameworksBuildPhase section */
		869C1B9E1DF2C04000CD295E /* Frameworks */ = {
			isa = PBXFrameworksBuildPhase;
			buildActionMask = 2147483647;
			files = (
			);
			runOnlyForDeploymentPostprocessing = 0;
		};
		869C1BB21DF2C04000CD295E /* Frameworks */ = {
			isa = PBXFrameworksBuildPhase;
			buildActionMask = 2147483647;
			files = (
			);
			runOnlyForDeploymentPostprocessing = 0;
		};
		869C1BBD1DF2C04000CD295E /* Frameworks */ = {
			isa = PBXFrameworksBuildPhase;
			buildActionMask = 2147483647;
			files = (
			);
			runOnlyForDeploymentPostprocessing = 0;
		};
/* End PBXFrameworksBuildPhase section */

/* Begin PBXGroup section */
		869C1B981DF2C04000CD295E = {
			isa = PBXGroup;
			children = (
				869C1BA31DF2C04000CD295E /* ZYImageChince-Swift */,
				869C1BB81DF2C04000CD295E /* ZYImageChince-SwiftTests */,
				869C1BC31DF2C04000CD295E /* ZYImageChince-SwiftUITests */,
				869C1BA21DF2C04000CD295E /* Products */,
			);
			sourceTree = "<group>";
		};
		869C1BA21DF2C04000CD295E /* Products */ = {
			isa = PBXGroup;
			children = (
				869C1BA11DF2C04000CD295E /* ZYImageChince-Swift.app */,
				869C1BB51DF2C04000CD295E /* ZYImageChince-SwiftTests.xctest */,
				869C1BC01DF2C04000CD295E /* ZYImageChince-SwiftUITests.xctest */,
			);
			name = Products;
			sourceTree = "<group>";
		};
		869C1BA31DF2C04000CD295E /* ZYImageChince-Swift */ = {
			isa = PBXGroup;
			children = (
				869C1BD21DF2C0AF00CD295E /* ZYImageChinceView */,
				869C1BA41DF2C04000CD295E /* AppDelegate.swift */,
				869C1BA61DF2C04000CD295E /* ViewController.swift */,
				8665E9001DF543A500B1B3B4 /* ZYCategory.swift */,
				869C1BA81DF2C04000CD295E /* Main.storyboard */,
				869C1BAB1DF2C04000CD295E /* Assets.xcassets */,
				869C1BAD1DF2C04000CD295E /* LaunchScreen.storyboard */,
				869C1BB01DF2C04000CD295E /* Info.plist */,
			);
			path = "ZYImageChince-Swift";
			sourceTree = "<group>";
		};
		869C1BB81DF2C04000CD295E /* ZYImageChince-SwiftTests */ = {
			isa = PBXGroup;
			children = (
				869C1BB91DF2C04000CD295E /* ZYImageChince_SwiftTests.swift */,
				869C1BBB1DF2C04000CD295E /* Info.plist */,
			);
			path = "ZYImageChince-SwiftTests";
			sourceTree = "<group>";
		};
		869C1BC31DF2C04000CD295E /* ZYImageChince-SwiftUITests */ = {
			isa = PBXGroup;
			children = (
				869C1BC41DF2C04000CD295E /* ZYImageChince_SwiftUITests.swift */,
				869C1BC61DF2C04000CD295E /* Info.plist */,
			);
			path = "ZYImageChince-SwiftUITests";
			sourceTree = "<group>";
		};
		869C1BD21DF2C0AF00CD295E /* ZYImageChinceView */ = {
			isa = PBXGroup;
			children = (
				869C1BE31DF2C13400CD295E /* UIViewController+Category.swift */,
				86AE56531DF7C01C005788DF /* ZYImageManager.swift */,
				86AE56551DF7E4A3005788DF /* ZYImageViewController.swift */,
				86AE56571DF7EAA0005788DF /* ZYImageCollectionViewCell.swift */,
				86AE56591DF80177005788DF /* ZYImagePickView.swift */,
				869C1BD31DF2C0C400CD295E /* image */,
			);
			path = ZYImageChinceView;
			sourceTree = "<group>";
		};
		869C1BD31DF2C0C400CD295E /* image */ = {
			isa = PBXGroup;
			children = (
				869C1BD41DF2C0C400CD295E /* btn_add_photo_n.png */,
				869C1BD51DF2C0C400CD295E /* btn_add_photo_n@2x.png */,
				869C1BD61DF2C0C400CD295E /* btn_add_photo_s.png */,
				869C1BD71DF2C0C400CD295E /* btn_add_photo_s@2x.png */,
				869C1BD81DF2C0C400CD295E /* button_icon_close.png */,
				869C1BD91DF2C0C400CD295E /* button_icon_close@2x.png */,
				869C1BDA1DF2C0C400CD295E /* checkmark.png */,
			);
			path = image;
			sourceTree = "<group>";
		};
/* End PBXGroup section */

/* Begin PBXNativeTarget section */
		869C1BA01DF2C04000CD295E /* ZYImageChince-Swift */ = {
			isa = PBXNativeTarget;
			buildConfigurationList = 869C1BC91DF2C04000CD295E /* Build configuration list for PBXNativeTarget "ZYImageChince-Swift" */;
			buildPhases = (
				869C1B9D1DF2C04000CD295E /* Sources */,
				869C1B9E1DF2C04000CD295E /* Frameworks */,
				869C1B9F1DF2C04000CD295E /* Resources */,
			);
			buildRules = (
			);
			dependencies = (
			);
			name = "ZYImageChince-Swift";
			productName = "ZYImageChince-Swift";
			productReference = 869C1BA11DF2C04000CD295E /* ZYImageChince-Swift.app */;
			productType = "com.apple.product-type.application";
		};
		869C1BB41DF2C04000CD295E /* ZYImageChince-SwiftTests */ = {
			isa = PBXNativeTarget;
			buildConfigurationList = 869C1BCC1DF2C04000CD295E /* Build configuration list for PBXNativeTarget "ZYImageChince-SwiftTests" */;
			buildPhases = (
				869C1BB11DF2C04000CD295E /* Sources */,
				869C1BB21DF2C04000CD295E /* Frameworks */,
				869C1BB31DF2C04000CD295E /* Resources */,
			);
			buildRules = (
			);
			dependencies = (
				869C1BB71DF2C04000CD295E /* PBXTargetDependency */,
			);
			name = "ZYImageChince-SwiftTests";
			productName = "ZYImageChince-SwiftTests";
			productReference = 869C1BB51DF2C04000CD295E /* ZYImageChince-SwiftTests.xctest */;
			productType = "com.apple.product-type.bundle.unit-test";
		};
		869C1BBF1DF2C04000CD295E /* ZYImageChince-SwiftUITests */ = {
			isa = PBXNativeTarget;
			buildConfigurationList = 869C1BCF1DF2C04000CD295E /* Build configuration list for PBXNativeTarget "ZYImageChince-SwiftUITests" */;
			buildPhases = (
				869C1BBC1DF2C04000CD295E /* Sources */,
				869C1BBD1DF2C04000CD295E /* Frameworks */,
				869C1BBE1DF2C04000CD295E /* Resources */,
			);
			buildRules = (
			);
			dependencies = (
				869C1BC21DF2C04000CD295E /* PBXTargetDependency */,
			);
			name = "ZYImageChince-SwiftUITests";
			productName = "ZYImageChince-SwiftUITests";
			productReference = 869C1BC01DF2C04000CD295E /* ZYImageChince-SwiftUITests.xctest */;
			productType = "com.apple.product-type.bundle.ui-testing";
		};
/* End PBXNativeTarget section */

/* Begin PBXProject section */
		869C1B991DF2C04000CD295E /* Project object */ = {
			isa = PBXProject;
			attributes = {
				LastSwiftUpdateCheck = 0800;
				LastUpgradeCheck = 0800;
				ORGANIZATIONNAME = ybon;
				TargetAttributes = {
					869C1BA01DF2C04000CD295E = {
						CreatedOnToolsVersion = 8.0;
						DevelopmentTeam = 7P7NH6349M;
						ProvisioningStyle = Automatic;
					};
					869C1BB41DF2C04000CD295E = {
						CreatedOnToolsVersion = 8.0;
						ProvisioningStyle = Automatic;
						TestTargetID = 869C1BA01DF2C04000CD295E;
					};
					869C1BBF1DF2C04000CD295E = {
						CreatedOnToolsVersion = 8.0;
						ProvisioningStyle = Automatic;
						TestTargetID = 869C1BA01DF2C04000CD295E;
					};
				};
			};
			buildConfigurationList = 869C1B9C1DF2C04000CD295E /* Build configuration list for PBXProject "ZYImageChince-Swift" */;
			compatibilityVersion = "Xcode 3.2";
			developmentRegion = English;
			hasScannedForEncodings = 0;
			knownRegions = (
				en,
				Base,
			);
			mainGroup = 869C1B981DF2C04000CD295E;
			productRefGroup = 869C1BA21DF2C04000CD295E /* Products */;
			projectDirPath = "";
			projectRoot = "";
			targets = (
				869C1BA01DF2C04000CD295E /* ZYImageChince-Swift */,
				869C1BB41DF2C04000CD295E /* ZYImageChince-SwiftTests */,
				869C1BBF1DF2C04000CD295E /* ZYImageChince-SwiftUITests */,
			);
		};
/* End PBXProject section */

/* Begin PBXResourcesBuildPhase section */
		869C1B9F1DF2C04000CD295E /* Resources */ = {
			isa = PBXResourcesBuildPhase;
			buildActionMask = 2147483647;
			files = (
				869C1BDB1DF2C0C400CD295E /* btn_add_photo_n.png in Resources */,
				869C1BE11DF2C0C400CD295E /* checkmark.png in Resources */,
				869C1BDF1DF2C0C400CD295E /* button_icon_close.png in Resources */,
				869C1BDC1DF2C0C400CD295E /* btn_add_photo_n@2x.png in Resources */,
				869C1BAF1DF2C04000CD295E /* LaunchScreen.storyboard in Resources */,
				869C1BE01DF2C0C400CD295E /* button_icon_close@2x.png in Resources */,
				869C1BDD1DF2C0C400CD295E /* btn_add_photo_s.png in Resources */,
				869C1BDE1DF2C0C400CD295E /* btn_add_photo_s@2x.png in Resources */,
				869C1BAC1DF2C04000CD295E /* Assets.xcassets in Resources */,
				869C1BAA1DF2C04000CD295E /* Main.storyboard in Resources */,
			);
			runOnlyForDeploymentPostprocessing = 0;
		};
		869C1BB31DF2C04000CD295E /* Resources */ = {
			isa = PBXResourcesBuildPhase;
			buildActionMask = 2147483647;
			files = (
			);
			runOnlyForDeploymentPostprocessing = 0;
		};
		869C1BBE1DF2C04000CD295E /* Resources */ = {
			isa = PBXResourcesBuildPhase;
			buildActionMask = 2147483647;
			files = (
			);
			runOnlyForDeploymentPostprocessing = 0;
		};
/* End PBXResourcesBuildPhase section */

/* Begin PBXSourcesBuildPhase section */
		869C1B9D1DF2C04000CD295E /* Sources */ = {
			isa = PBXSourcesBuildPhase;
			buildActionMask = 2147483647;
			files = (
				86AE565A1DF80177005788DF /* ZYImagePickView.swift in Sources */,
				86AE56581DF7EAA0005788DF /* ZYImageCollectionViewCell.swift in Sources */,
				8665E9011DF543A500B1B3B4 /* ZYCategory.swift in Sources */,
				86AE56561DF7E4A3005788DF /* ZYImageViewController.swift in Sources */,
				869C1BE41DF2C13400CD295E /* UIViewController+Category.swift in Sources */,
				86AE56541DF7C01C005788DF /* ZYImageManager.swift in Sources */,
				869C1BA71DF2C04000CD295E /* ViewController.swift in Sources */,
				869C1BA51DF2C04000CD295E /* AppDelegate.swift in Sources */,
			);
			runOnlyForDeploymentPostprocessing = 0;
		};
		869C1BB11DF2C04000CD295E /* Sources */ = {
			isa = PBXSourcesBuildPhase;
			buildActionMask = 2147483647;
			files = (
				869C1BBA1DF2C04000CD295E /* ZYImageChince_SwiftTests.swift in Sources */,
			);
			runOnlyForDeploymentPostprocessing = 0;
		};
		869C1BBC1DF2C04000CD295E /* Sources */ = {
			isa = PBXSourcesBuildPhase;
			buildActionMask = 2147483647;
			files = (
				869C1BC51DF2C04000CD295E /* ZYImageChince_SwiftUITests.swift in Sources */,
			);
			runOnlyForDeploymentPostprocessing = 0;
		};
/* End PBXSourcesBuildPhase section */

/* Begin PBXTargetDependency section */
		869C1BB71DF2C04000CD295E /* PBXTargetDependency */ = {
			isa = PBXTargetDependency;
			target = 869C1BA01DF2C04000CD295E /* ZYImageChince-Swift */;
			targetProxy = 869C1BB61DF2C04000CD295E /* PBXContainerItemProxy */;
		};
		869C1BC21DF2C04000CD295E /* PBXTargetDependency */ = {
			isa = PBXTargetDependency;
			target = 869C1BA01DF2C04000CD295E /* ZYImageChince-Swift */;
			targetProxy = 869C1BC11DF2C04000CD295E /* PBXContainerItemProxy */;
		};
/* End PBXTargetDependency section */

/* Begin PBXVariantGroup section */
		869C1BA81DF2C04000CD295E /* Main.storyboard */ = {
			isa = PBXVariantGroup;
			children = (
				869C1BA91DF2C04000CD295E /* Base */,
			);
			name = Main.storyboard;
			sourceTree = "<group>";
		};
		869C1BAD1DF2C04000CD295E /* LaunchScreen.storyboard */ = {
			isa = PBXVariantGroup;
			children = (
				869C1BAE1DF2C04000CD295E /* Base */,
			);
			name = LaunchScreen.storyboard;
			sourceTree = "<group>";
		};
/* End PBXVariantGroup section */

/* Begin XCBuildConfiguration section */
		869C1BC71DF2C04000CD295E /* Debug */ = {
			isa = XCBuildConfiguration;
			buildSettings = {
				ALWAYS_SEARCH_USER_PATHS = NO;
				CLANG_ANALYZER_NONNULL = YES;
				CLANG_CXX_LANGUAGE_STANDARD = "gnu++0x";
				CLANG_CXX_LIBRARY = "libc++";
				CLANG_ENABLE_MODULES = YES;
				CLANG_ENABLE_OBJC_ARC = YES;
				CLANG_WARN_BOOL_CONVERSION = YES;
				CLANG_WARN_CONSTANT_CONVERSION = YES;
				CLANG_WARN_DIRECT_OBJC_ISA_USAGE = YES_ERROR;
				CLANG_WARN_DOCUMENTATION_COMMENTS = YES;
				CLANG_WARN_EMPTY_BODY = YES;
				CLANG_WARN_ENUM_CONVERSION = YES;
				CLANG_WARN_INFINITE_RECURSION = YES;
				CLANG_WARN_INT_CONVERSION = YES;
				CLANG_WARN_OBJC_ROOT_CLASS = YES_ERROR;
				CLANG_WARN_SUSPICIOUS_MOVES = YES;
				CLANG_WARN_UNREACHABLE_CODE = YES;
				CLANG_WARN__DUPLICATE_METHOD_MATCH = YES;
				"CODE_SIGN_IDENTITY[sdk=iphoneos*]" = "iPhone Developer";
				COPY_PHASE_STRIP = NO;
				DEBUG_INFORMATION_FORMAT = dwarf;
				ENABLE_STRICT_OBJC_MSGSEND = YES;
				ENABLE_TESTABILITY = YES;
				GCC_C_LANGUAGE_STANDARD = gnu99;
				GCC_DYNAMIC_NO_PIC = NO;
				GCC_NO_COMMON_BLOCKS = YES;
				GCC_OPTIMIZATION_LEVEL = 0;
				GCC_PREPROCESSOR_DEFINITIONS = (
					"DEBUG=1",
					"$(inherited)",
				);
				GCC_WARN_64_TO_32_BIT_CONVERSION = YES;
				GCC_WARN_ABOUT_RETURN_TYPE = YES_ERROR;
				GCC_WARN_UNDECLARED_SELECTOR = YES;
				GCC_WARN_UNINITIALIZED_AUTOS = YES_AGGRESSIVE;
				GCC_WARN_UNUSED_FUNCTION = YES;
				GCC_WARN_UNUSED_VARIABLE = YES;
				IPHONEOS_DEPLOYMENT_TARGET = 10.0;
				MTL_ENABLE_DEBUG_INFO = YES;
				ONLY_ACTIVE_ARCH = YES;
				SDKROOT = iphoneos;
				SWIFT_ACTIVE_COMPILATION_CONDITIONS = DEBUG;
				SWIFT_OPTIMIZATION_LEVEL = "-Onone";
				TARGETED_DEVICE_FAMILY = "1,2";
			};
			name = Debug;
		};
		869C1BC81DF2C04000CD295E /* Release */ = {
			isa = XCBuildConfiguration;
			buildSettings = {
				ALWAYS_SEARCH_USER_PATHS = NO;
				CLANG_ANALYZER_NONNULL = YES;
				CLANG_CXX_LANGUAGE_STANDARD = "gnu++0x";
				CLANG_CXX_LIBRARY = "libc++";
				CLANG_ENABLE_MODULES = YES;
				CLANG_ENABLE_OBJC_ARC = YES;
				CLANG_WARN_BOOL_CONVERSION = YES;
				CLANG_WARN_CONSTANT_CONVERSION = YES;
				CLANG_WARN_DIRECT_OBJC_ISA_USAGE = YES_ERROR;
				CLANG_WARN_DOCUMENTATION_COMMENTS = YES;
				CLANG_WARN_EMPTY_BODY = YES;
				CLANG_WARN_ENUM_CONVERSION = YES;
				CLANG_WARN_INFINITE_RECURSION = YES;
				CLANG_WARN_INT_CONVERSION = YES;
				CLANG_WARN_OBJC_ROOT_CLASS = YES_ERROR;
				CLANG_WARN_SUSPICIOUS_MOVES = YES;
				CLANG_WARN_UNREACHABLE_CODE = YES;
				CLANG_WARN__DUPLICATE_METHOD_MATCH = YES;
				"CODE_SIGN_IDENTITY[sdk=iphoneos*]" = "iPhone Developer";
				COPY_PHASE_STRIP = NO;
				DEBUG_INFORMATION_FORMAT = "dwarf-with-dsym";
				ENABLE_NS_ASSERTIONS = NO;
				ENABLE_STRICT_OBJC_MSGSEND = YES;
				GCC_C_LANGUAGE_STANDARD = gnu99;
				GCC_NO_COMMON_BLOCKS = YES;
				GCC_WARN_64_TO_32_BIT_CONVERSION = YES;
				GCC_WARN_ABOUT_RETURN_TYPE = YES_ERROR;
				GCC_WARN_UNDECLARED_SELECTOR = YES;
				GCC_WARN_UNINITIALIZED_AUTOS = YES_AGGRESSIVE;
				GCC_WARN_UNUSED_FUNCTION = YES;
				GCC_WARN_UNUSED_VARIABLE = YES;
				IPHONEOS_DEPLOYMENT_TARGET = 10.0;
				MTL_ENABLE_DEBUG_INFO = NO;
				SDKROOT = iphoneos;
				SWIFT_OPTIMIZATION_LEVEL = "-Owholemodule";
				TARGETED_DEVICE_FAMILY = "1,2";
				VALIDATE_PRODUCT = YES;
			};
			name = Release;
		};
		869C1BCA1DF2C04000CD295E /* Debug */ = {
			isa = XCBuildConfiguration;
			buildSettings = {
				ASSETCATALOG_COMPILER_APPICON_NAME = AppIcon;
				DEVELOPMENT_TEAM = 7P7NH6349M;
				INFOPLIST_FILE = "ZYImageChince-Swift/Info.plist";
				LD_RUNPATH_SEARCH_PATHS = "$(inherited) @executable_path/Frameworks";
				PRODUCT_BUNDLE_IDENTIFIER = "ybon.ZYImageChince-Swift";
				PRODUCT_NAME = "$(TARGET_NAME)";
				SWIFT_VERSION = 3.0;
			};
			name = Debug;
		};
		869C1BCB1DF2C04000CD295E /* Release */ = {
			isa = XCBuildConfiguration;
			buildSettings = {
				ASSETCATALOG_COMPILER_APPICON_NAME = AppIcon;
				DEVELOPMENT_TEAM = 7P7NH6349M;
				INFOPLIST_FILE = "ZYImageChince-Swift/Info.plist";
				LD_RUNPATH_SEARCH_PATHS = "$(inherited) @executable_path/Frameworks";
				PRODUCT_BUNDLE_IDENTIFIER = "ybon.ZYImageChince-Swift";
				PRODUCT_NAME = "$(TARGET_NAME)";
				SWIFT_VERSION = 3.0;
			};
			name = Release;
		};
		869C1BCD1DF2C04000CD295E /* Debug */ = {
			isa = XCBuildConfiguration;
			buildSettings = {
				ALWAYS_EMBED_SWIFT_STANDARD_LIBRARIES = YES;
				BUNDLE_LOADER = "$(TEST_HOST)";
				INFOPLIST_FILE = "ZYImageChince-SwiftTests/Info.plist";
				LD_RUNPATH_SEARCH_PATHS = "$(inherited) @executable_path/Frameworks @loader_path/Frameworks";
				PRODUCT_BUNDLE_IDENTIFIER = "ybon.ZYImageChince-SwiftTests";
				PRODUCT_NAME = "$(TARGET_NAME)";
				SWIFT_VERSION = 3.0;
				TEST_HOST = "$(BUILT_PRODUCTS_DIR)/ZYImageChince-Swift.app/ZYImageChince-Swift";
			};
			name = Debug;
		};
		869C1BCE1DF2C04000CD295E /* Release */ = {
			isa = XCBuildConfiguration;
			buildSettings = {
				ALWAYS_EMBED_SWIFT_STANDARD_LIBRARIES = YES;
				BUNDLE_LOADER = "$(TEST_HOST)";
				INFOPLIST_FILE = "ZYImageChince-SwiftTests/Info.plist";
				LD_RUNPATH_SEARCH_PATHS = "$(inherited) @executable_path/Frameworks @loader_path/Frameworks";
				PRODUCT_BUNDLE_IDENTIFIER = "ybon.ZYImageChince-SwiftTests";
				PRODUCT_NAME = "$(TARGET_NAME)";
				SWIFT_VERSION = 3.0;
				TEST_HOST = "$(BUILT_PRODUCTS_DIR)/ZYImageChince-Swift.app/ZYImageChince-Swift";
			};
			name = Release;
		};
		869C1BD01DF2C04000CD295E /* Debug */ = {
			isa = XCBuildConfiguration;
			buildSettings = {
				ALWAYS_EMBED_SWIFT_STANDARD_LIBRARIES = YES;
				INFOPLIST_FILE = "ZYImageChince-SwiftUITests/Info.plist";
				LD_RUNPATH_SEARCH_PATHS = "$(inherited) @executable_path/Frameworks @loader_path/Frameworks";
				PRODUCT_BUNDLE_IDENTIFIER = "ybon.ZYImageChince-SwiftUITests";
				PRODUCT_NAME = "$(TARGET_NAME)";
				SWIFT_VERSION = 3.0;
				TEST_TARGET_NAME = "ZYImageChince-Swift";
			};
			name = Debug;
		};
		869C1BD11DF2C04000CD295E /* Release */ = {
			isa = XCBuildConfiguration;
			buildSettings = {
				ALWAYS_EMBED_SWIFT_STANDARD_LIBRARIES = YES;
				INFOPLIST_FILE = "ZYImageChince-SwiftUITests/Info.plist";
				LD_RUNPATH_SEARCH_PATHS = "$(inherited) @executable_path/Frameworks @loader_path/Frameworks";
				PRODUCT_BUNDLE_IDENTIFIER = "ybon.ZYImageChince-SwiftUITests";
				PRODUCT_NAME = "$(TARGET_NAME)";
				SWIFT_VERSION = 3.0;
				TEST_TARGET_NAME = "ZYImageChince-Swift";
			};
			name = Release;
		};
/* End XCBuildConfiguration section */

/* Begin XCConfigurationList section */
		869C1B9C1DF2C04000CD295E /* Build configuration list for PBXProject "ZYImageChince-Swift" */ = {
			isa = XCConfigurationList;
			buildConfigurations = (
				869C1BC71DF2C04000CD295E /* Debug */,
				869C1BC81DF2C04000CD295E /* Release */,
			);
			defaultConfigurationIsVisible = 0;
			defaultConfigurationName = Release;
		};
		869C1BC91DF2C04000CD295E /* Build configuration list for PBXNativeTarget "ZYImageChince-Swift" */ = {
			isa = XCConfigurationList;
			buildConfigurations = (
				869C1BCA1DF2C04000CD295E /* Debug */,
				869C1BCB1DF2C04000CD295E /* Release */,
			);
			defaultConfigurationIsVisible = 0;
			defaultConfigurationName = Release;
		};
		869C1BCC1DF2C04000CD295E /* Build configuration list for PBXNativeTarget "ZYImageChince-SwiftTests" */ = {
			isa = XCConfigurationList;
			buildConfigurations = (
				869C1BCD1DF2C04000CD295E /* Debug */,
				869C1BCE1DF2C04000CD295E /* Release */,
			);
			defaultConfigurationIsVisible = 0;
			defaultConfigurationName = Release;
		};
		869C1BCF1DF2C04000CD295E /* Build configuration list for PBXNativeTarget "ZYImageChince-SwiftUITests" */ = {
			isa = XCConfigurationList;
			buildConfigurations = (
				869C1BD01DF2C04000CD295E /* Debug */,
				869C1BD11DF2C04000CD295E /* Release */,
			);
			defaultConfigurationIsVisible = 0;
			defaultConfigurationName = Release;
		};
/* End XCConfigurationList section */
	};
	rootObject = 869C1B991DF2C04000CD295E /* Project object */;
}
